
Microsoft Visual Studio Solution File, Format Version 12.00
# Visual Studio Version 16
VisualStudioVersion = 16.0.29009.5
MinimumVisualStudioVersion = 10.0.40219.1
Project("{FAE04EC0-301F-11D3-BF4B-00C04F79EFBC}") = "TicTacToe", "TicTacToe.csproj", "{305083AE-8C2A-4D46-A4F1-A52F29BF4B42}"
EndProject
Global
	GlobalSection(SolutionConfigurationPlatforms) = preSolution
		Debug|Any CPU = Debug|Any CPU
		Release|Any CPU = Release|Any CPU
	EndGlobalSection
	GlobalSection(ProjectConfigurationPlatforms) = postSolution
		{305083AE-8C2A-4D46-A4F1-A52F29BF4B42}.Debug|Any CPU.ActiveCfg = Debug|Any CPU
		{305083AE-8C2A-4D46-A4F1-A52F29BF4B42}.Debug|Any CPU.Build.0 = Debug|Any CPU
		{305083AE-8C2A-4D46-A4F1-A52F29BF4B42}.Release|Any CPU.ActiveCfg = Release|Any CPU
		{305083AE-8C2A-4D46-A4F1-A52F29BF4B42}.Release|Any CPU.Build.0 = Release|Any CPU
	EndGlobalSection
	GlobalSection(SolutionProperties) = preSolution
		HideSolutionNode = FALSE
	EndGlobalSection
	GlobalSection(ExtensibilityGlobals) = postSolution
		SolutionGuid = {5F137D09-95DC-4A1F-969A-F69D7F830F49}
	EndGlobalSection
EndGlobal
